
Microsoft Visual Studio Solution File, Format Version 12.00
# Visual Studio Version 17
VisualStudioVersion = 17.3.32901.215
MinimumVisualStudioVersion = 10.0.40219.1
Project("{8BC9CEB8-8B4A-11D0-8D11-00A0C91BC942}") = "LABHW9", "LABHW9\LABHW9.vcxproj", "{3A87129C-93F8-4CCD-A41D-A4B69A2D9D1C}"
EndProject
Project("{8BC9CEB8-8B4A-11D0-8D11-00A0C91BC942}") = "LAB9_0", "LAB9_0\LAB9_0.vcxproj", "{D7BE46F2-F4C4-4DD9-AA90-20E435E1B2EE}"
EndProject
Project("{8BC9CEB8-8B4A-11D0-8D11-00A0C91BC942}") = "LAB9_1", "LAB9_1\LAB9_1.vcxproj", "{76B3CAFD-7A0B-4D74-B558-21B51DFDCDD0}"
EndProject
Project("{8BC9CEB8-8B4A-11D0-8D11-00A0C91BC942}") = "LAB9_2", "LAB9_2\LAB9_2.vcxproj", "{38571421-54A5-4F98-BE54-F31F19235E28}"
EndProject
Project("{8BC9CEB8-8B4A-11D0-8D11-00A0C91BC942}") = "LAB9_3", "LAB9_3\LAB9_3.vcxproj", "{11EEF813-DBDB-4794-ADFE-5FAF02674E16}"
EndProject
Project("{8BC9CEB8-8B4A-11D0-8D11-00A0C91BC942}") = "LAB9_4", "LAB9_4\LAB9_4.vcxproj", "{06DDB740-2223-42A9-A185-0F5A5552F4F6}"
EndProject
Project("{8BC9CEB8-8B4A-11D0-8D11-00A0C91BC942}") = "LAB9_5", "LAB9_5\LAB9_5.vcxproj", "{CDE03958-8961-48EA-9912-A1797CB2A294}"
EndProject
Project("{8BC9CEB8-8B4A-11D0-8D11-00A0C91BC942}") = "LAB9_6", "LAB9_6\LAB9_6.vcxproj", "{207B7F75-6482-4D76-ADC8-15F120BDA03D}"
EndProject
Project("{8BC9CEB8-8B4A-11D0-8D11-00A0C91BC942}") = "HW9_1", "HW9_1\HW9_1.vcxproj", "{842E244C-DD01-457F-965B-BB840B8C76DD}"
EndProject
Project("{8BC9CEB8-8B4A-11D0-8D11-00A0C91BC942}") = "HW9_2", "HW9_2\HW9_2.vcxproj", "{98A6F147-F393-4FBC-B759-E485307201A7}"
EndProject
Project("{8BC9CEB8-8B4A-11D0-8D11-00A0C91BC942}") = "HW9_3", "HW9_3\HW9_3.vcxproj", "{5E4E70B3-8B0C-4B3A-8321-36AA292F0102}"
EndProject
Project("{8BC9CEB8-8B4A-11D0-8D11-00A0C91BC942}") = "HW9_4", "HW9_4\HW9_4.vcxproj", "{A1F9D762-996F-4CEF-B7EA-11BBCE5BBCCD}"
EndProject
Project("{8BC9CEB8-8B4A-11D0-8D11-00A0C91BC942}") = "HW9_5", "HW9_5\HW9_5.vcxproj", "{356F9F53-E998-4236-96F2-5B58EABA73D8}"
EndProject
Project("{8BC9CEB8-8B4A-11D0-8D11-00A0C91BC942}") = "ex", "ex\ex.vcxproj", "{E95E1FE2-35DC-4C4C-8F29-EB01992948FB}"
EndProject
Global
	GlobalSection(SolutionConfigurationPlatforms) = preSolution
		Debug|x64 = Debug|x64
		Debug|x86 = Debug|x86
		Release|x64 = Release|x64
		Release|x86 = Release|x86
	EndGlobalSection
	GlobalSection(ProjectConfigurationPlatforms) = postSolution
		{3A87129C-93F8-4CCD-A41D-A4B69A2D9D1C}.Debug|x64.ActiveCfg = Debug|x64
		{3A87129C-93F8-4CCD-A41D-A4B69A2D9D1C}.Debug|x64.Build.0 = Debug|x64
		{3A87129C-93F8-4CCD-A41D-A4B69A2D9D1C}.Debug|x86.ActiveCfg = Debug|Win32
		{3A87129C-93F8-4CCD-A41D-A4B69A2D9D1C}.Debug|x86.Build.0 = Debug|Win32
		{3A87129C-93F8-4CCD-A41D-A4B69A2D9D1C}.Release|x64.ActiveCfg = Release|x64
		{3A87129C-93F8-4CCD-A41D-A4B69A2D9D1C}.Release|x64.Build.0 = Release|x64
		{3A87129C-93F8-4CCD-A41D-A4B69A2D9D1C}.Release|x86.ActiveCfg = Release|Win32
		{3A87129C-93F8-4CCD-A41D-A4B69A2D9D1C}.Release|x86.Build.0 = Release|Win32
		{D7BE46F2-F4C4-4DD9-AA90-20E435E1B2EE}.Debug|x64.ActiveCfg = Debug|x64
		{D7BE46F2-F4C4-4DD9-AA90-20E435E1B2EE}.Debug|x64.Build.0 = Debug|x64
		{D7BE46F2-F4C4-4DD9-AA90-20E435E1B2EE}.Debug|x86.ActiveCfg = Debug|Win32
		{D7BE46F2-F4C4-4DD9-AA90-20E435E1B2EE}.Debug|x86.Build.0 = Debug|Win32
		{D7BE46F2-F4C4-4DD9-AA90-20E435E1B2EE}.Release|x64.ActiveCfg = Release|x64
		{D7BE46F2-F4C4-4DD9-AA90-20E435E1B2EE}.Release|x64.Build.0 = Release|x64
		{D7BE46F2-F4C4-4DD9-AA90-20E435E1B2EE}.Release|x86.ActiveCfg = Release|Win32
		{D7BE46F2-F4C4-4DD9-AA90-20E435E1B2EE}.Release|x86.Build.0 = Release|Win32
		{76B3CAFD-7A0B-4D74-B558-21B51DFDCDD0}.Debug|x64.ActiveCfg = Debug|x64
		{76B3CAFD-7A0B-4D74-B558-21B51DFDCDD0}.Debug|x64.Build.0 = Debug|x64
		{76B3CAFD-7A0B-4D74-B558-21B51DFDCDD0}.Debug|x86.ActiveCfg = Debug|Win32
		{76B3CAFD-7A0B-4D74-B558-21B51DFDCDD0}.Debug|x86.Build.0 = Debug|Win32
		{76B3CAFD-7A0B-4D74-B558-21B51DFDCDD0}.Release|x64.ActiveCfg = Release|x64
		{76B3CAFD-7A0B-4D74-B558-21B51DFDCDD0}.Release|x64.Build.0 = Release|x64
		{76B3CAFD-7A0B-4D74-B558-21B51DFDCDD0}.Release|x86.ActiveCfg = Release|Win32
		{76B3CAFD-7A0B-4D74-B558-21B51DFDCDD0}.Release|x86.Build.0 = Release|Win32
		{38571421-54A5-4F98-BE54-F31F19235E28}.Debug|x64.ActiveCfg = Debug|x64
		{38571421-54A5-4F98-BE54-F31F19235E28}.Debug|x64.Build.0 = Debug|x64
		{38571421-54A5-4F98-BE54-F31F19235E28}.Debug|x86.ActiveCfg = Debug|Win32
		{38571421-54A5-4F98-BE54-F31F19235E28}.Debug|x86.Build.0 = Debug|Win32
		{38571421-54A5-4F98-BE54-F31F19235E28}.Release|x64.ActiveCfg = Release|x64
		{38571421-54A5-4F98-BE54-F31F19235E28}.Release|x64.Build.0 = Release|x64
		{38571421-54A5-4F98-BE54-F31F19235E28}.Release|x86.ActiveCfg = Release|Win32
		{38571421-54A5-4F98-BE54-F31F19235E28}.Release|x86.Build.0 = Release|Win32
		{11EEF813-DBDB-4794-ADFE-5FAF02674E16}.Debug|x64.ActiveCfg = Debug|x64
		{11EEF813-DBDB-4794-ADFE-5FAF02674E16}.Debug|x64.Build.0 = Debug|x64
		{11EEF813-DBDB-4794-ADFE-5FAF02674E16}.Debug|x86.ActiveCfg = Debug|Win32
		{11EEF813-DBDB-4794-ADFE-5FAF02674E16}.Debug|x86.Build.0 = Debug|Win32
		{11EEF813-DBDB-4794-ADFE-5FAF02674E16}.Release|x64.ActiveCfg = Release|x64
		{11EEF813-DBDB-4794-ADFE-5FAF02674E16}.Release|x64.Build.0 = Release|x64
		{11EEF813-DBDB-4794-ADFE-5FAF02674E16}.Release|x86.ActiveCfg = Release|Win32
		{11EEF813-DBDB-4794-ADFE-5FAF02674E16}.Release|x86.Build.0 = Release|Win32
		{06DDB740-2223-42A9-A185-0F5A5552F4F6}.Debug|x64.ActiveCfg = Debug|x64
		{06DDB740-2223-42A9-A185-0F5A5552F4F6}.Debug|x64.Build.0 = Debug|x64
		{06DDB740-2223-42A9-A185-0F5A5552F4F6}.Debug|x86.ActiveCfg = Debug|Win32
		{06DDB740-2223-42A9-A185-0F5A5552F4F6}.Debug|x86.Build.0 = Debug|Win32
		{06DDB740-2223-42A9-A185-0F5A5552F4F6}.Release|x64.ActiveCfg = Release|x64
		{06DDB740-2223-42A9-A185-0F5A5552F4F6}.Release|x64.Build.0 = Release|x64
		{06DDB740-2223-42A9-A185-0F5A5552F4F6}.Release|x86.ActiveCfg = Release|Win32
		{06DDB740-2223-42A9-A185-0F5A5552F4F6}.Release|x86.Build.0 = Release|Win32
		{CDE03958-8961-48EA-9912-A1797CB2A294}.Debug|x64.ActiveCfg = Debug|x64
		{CDE03958-8961-48EA-9912-A1797CB2A294}.Debug|x64.Build.0 = Debug|x64
		{CDE03958-8961-48EA-9912-A1797CB2A294}.Debug|x86.ActiveCfg = Debug|Win32
		{CDE03958-8961-48EA-9912-A1797CB2A294}.Debug|x86.Build.0 = Debug|Win32
		{CDE03958-8961-48EA-9912-A1797CB2A294}.Release|x64.ActiveCfg = Release|x64
		{CDE03958-8961-48EA-9912-A1797CB2A294}.Release|x64.Build.0 = Release|x64
		{CDE03958-8961-48EA-9912-A1797CB2A294}.Release|x86.ActiveCfg = Release|Win32
		{CDE03958-8961-48EA-9912-A1797CB2A294}.Release|x86.Build.0 = Release|Win32
		{207B7F75-6482-4D76-ADC8-15F120BDA03D}.Debug|x64.ActiveCfg = Debug|x64
		{207B7F75-6482-4D76-ADC8-15F120BDA03D}.Debug|x64.Build.0 = Debug|x64
		{207B7F75-6482-4D76-ADC8-15F120BDA03D}.Debug|x86.ActiveCfg = Debug|Win32
		{207B7F75-6482-4D76-ADC8-15F120BDA03D}.Debug|x86.Build.0 = Debug|Win32
		{207B7F75-6482-4D76-ADC8-15F120BDA03D}.Release|x64.ActiveCfg = Release|x64
		{207B7F75-6482-4D76-ADC8-15F120BDA03D}.Release|x64.Build.0 = Release|x64
		{207B7F75-6482-4D76-ADC8-15F120BDA03D}.Release|x86.ActiveCfg = Release|Win32
		{207B7F75-6482-4D76-ADC8-15F120BDA03D}.Release|x86.Build.0 = Release|Win32
		{842E244C-DD01-457F-965B-BB840B8C76DD}.Debug|x64.ActiveCfg = Debug|x64
		{842E244C-DD01-457F-965B-BB840B8C76DD}.Debug|x64.Build.0 = Debug|x64
		{842E244C-DD01-457F-965B-BB840B8C76DD}.Debug|x86.ActiveCfg = Debug|Win32
		{842E244C-DD01-457F-965B-BB840B8C76DD}.Debug|x86.Build.0 = Debug|Win32
		{842E244C-DD01-457F-965B-BB840B8C76DD}.Release|x64.ActiveCfg = Release|x64
		{842E244C-DD01-457F-965B-BB840B8C76DD}.Release|x64.Build.0 = Release|x64
		{842E244C-DD01-457F-965B-BB840B8C76DD}.Release|x86.ActiveCfg = Release|Win32
		{842E244C-DD01-457F-965B-BB840B8C76DD}.Release|x86.Build.0 = Release|Win32
		{98A6F147-F393-4FBC-B759-E485307201A7}.Debug|x64.ActiveCfg = Debug|x64
		{98A6F147-F393-4FBC-B759-E485307201A7}.Debug|x64.Build.0 = Debug|x64
		{98A6F147-F393-4FBC-B759-E485307201A7}.Debug|x86.ActiveCfg = Debug|Win32
		{98A6F147-F393-4FBC-B759-E485307201A7}.Debug|x86.Build.0 = Debug|Win32
		{98A6F147-F393-4FBC-B759-E485307201A7}.Release|x64.ActiveCfg = Release|x64
		{98A6F147-F393-4FBC-B759-E485307201A7}.Release|x64.Build.0 = Release|x64
		{98A6F147-F393-4FBC-B759-E485307201A7}.Release|x86.ActiveCfg = Release|Win32
		{98A6F147-F393-4FBC-B759-E485307201A7}.Release|x86.Build.0 = Release|Win32
		{5E4E70B3-8B0C-4B3A-8321-36AA292F0102}.Debug|x64.ActiveCfg = Debug|x64
		{5E4E70B3-8B0C-4B3A-8321-36AA292F0102}.Debug|x64.Build.0 = Debug|x64
		{5E4E70B3-8B0C-4B3A-8321-36AA292F0102}.Debug|x86.ActiveCfg = Debug|Win32
		{5E4E70B3-8B0C-4B3A-8321-36AA292F0102}.Debug|x86.Build.0 = Debug|Win32
		{5E4E70B3-8B0C-4B3A-8321-36AA292F0102}.Release|x64.ActiveCfg = Release|x64
		{5E4E70B3-8B0C-4B3A-8321-36AA292F0102}.Release|x64.Build.0 = Release|x64
		{5E4E70B3-8B0C-4B3A-8321-36AA292F0102}.Release|x86.ActiveCfg = Release|Win32
		{5E4E70B3-8B0C-4B3A-8321-36AA292F0102}.Release|x86.Build.0 = Release|Win32
		{A1F9D762-996F-4CEF-B7EA-11BBCE5BBCCD}.Debug|x64.ActiveCfg = Debug|x64
		{A1F9D762-996F-4CEF-B7EA-11BBCE5BBCCD}.Debug|x64.Build.0 = Debug|x64
		{A1F9D762-996F-4CEF-B7EA-11BBCE5BBCCD}.Debug|x86.ActiveCfg = Debug|Win32
		{A1F9D762-996F-4CEF-B7EA-11BBCE5BBCCD}.Debug|x86.Build.0 = Debug|Win32
		{A1F9D762-996F-4CEF-B7EA-11BBCE5BBCCD}.Release|x64.ActiveCfg = Release|x64
		{A1F9D762-996F-4CEF-B7EA-11BBCE5BBCCD}.Release|x64.Build.0 = Release|x64
		{A1F9D762-996F-4CEF-B7EA-11BBCE5BBCCD}.Release|x86.ActiveCfg = Release|Win32
		{A1F9D762-996F-4CEF-B7EA-11BBCE5BBCCD}.Release|x86.Build.0 = Release|Win32
		{356F9F53-E998-4236-96F2-5B58EABA73D8}.Debug|x64.ActiveCfg = Debug|x64
		{356F9F53-E998-4236-96F2-5B58EABA73D8}.Debug|x64.Build.0 = Debug|x64
		{356F9F53-E998-4236-96F2-5B58EABA73D8}.Debug|x86.ActiveCfg = Debug|Win32
		{356F9F53-E998-4236-96F2-5B58EABA73D8}.Debug|x86.Build.0 = Debug|Win32
		{356F9F53-E998-4236-96F2-5B58EABA73D8}.Release|x64.ActiveCfg = Release|x64
		{356F9F53-E998-4236-96F2-5B58EABA73D8}.Release|x64.Build.0 = Release|x64
		{356F9F53-E998-4236-96F2-5B58EABA73D8}.Release|x86.ActiveCfg = Release|Win32
		{356F9F53-E998-4236-96F2-5B58EABA73D8}.Release|x86.Build.0 = Release|Win32
		{E95E1FE2-35DC-4C4C-8F29-EB01992948FB}.Debug|x64.ActiveCfg = Debug|x64
		{E95E1FE2-35DC-4C4C-8F29-EB01992948FB}.Debug|x64.Build.0 = Debug|x64
		{E95E1FE2-35DC-4C4C-8F29-EB01992948FB}.Debug|x86.ActiveCfg = Debug|Win32
		{E95E1FE2-35DC-4C4C-8F29-EB01992948FB}.Debug|x86.Build.0 = Debug|Win32
		{E95E1FE2-35DC-4C4C-8F29-EB01992948FB}.Release|x64.ActiveCfg = Release|x64
		{E95E1FE2-35DC-4C4C-8F29-EB01992948FB}.Release|x64.Build.0 = Release|x64
		{E95E1FE2-35DC-4C4C-8F29-EB01992948FB}.Release|x86.ActiveCfg = Release|Win32
		{E95E1FE2-35DC-4C4C-8F29-EB01992948FB}.Release|x86.Build.0 = Release|Win32
	EndGlobalSection
	GlobalSection(SolutionProperties) = preSolution
		HideSolutionNode = FALSE
	EndGlobalSection
	GlobalSection(ExtensibilityGlobals) = postSolution
		SolutionGuid = {72C2FA99-31C4-43CA-AEC4-22C1B7B74F5F}
	EndGlobalSection
EndGlobal
